
Microsoft Visual Studio Solution File, Format Version 12.00
# Visual Studio Version 16
VisualStudioVersion = 16.0.31911.196
MinimumVisualStudioVersion = 10.0.40219.1
Project("{FAE04EC0-301F-11D3-BF4B-00C04F79EFBC}") = "WebApiTest", "WebApiTest\WebApiTest.csproj", "{E40BF1F3-7F47-49F0-8023-720D74D1EE9F}"
EndProject
Global
	GlobalSection(SolutionConfigurationPlatforms) = preSolution
		Debug|Any CPU = Debug|Any CPU
		Release|Any CPU = Release|Any CPU
	EndGlobalSection
	GlobalSection(ProjectConfigurationPlatforms) = postSolution
		{E40BF1F3-7F47-49F0-8023-720D74D1EE9F}.Debug|Any CPU.ActiveCfg = Debug|Any CPU
		{E40BF1F3-7F47-49F0-8023-720D74D1EE9F}.Debug|Any CPU.Build.0 = Debug|Any CPU
		{E40BF1F3-7F47-49F0-8023-720D74D1EE9F}.Release|Any CPU.ActiveCfg = Release|Any CPU
		{E40BF1F3-7F47-49F0-8023-720D74D1EE9F}.Release|Any CPU.Build.0 = Release|Any CPU
	EndGlobalSection
	GlobalSection(SolutionProperties) = preSolution
		HideSolutionNode = FALSE
	EndGlobalSection
	GlobalSection(ExtensibilityGlobals) = postSolution
		SolutionGuid = {49C9B9D9-DE7D-4DB1-8703-9CFBFDFA807F}
	EndGlobalSection
EndGlobal
